// !$*UTF8*$!
{
	archiveVersion = 1;
	classes = {
	};
	objectVersion = 56;
	objects = {

/* Begin PBXBuildFile section */
		6357FF1429E4F90100075047 /* Tela03ViewController.swift in Sources */ = {isa = PBXBuildFile; fileRef = 6357FF1329E4F90100075047 /* Tela03ViewController.swift */; };
		6357FF1629E4F91600075047 /* Tela03ViewController.storyboard in Resources */ = {isa = PBXBuildFile; fileRef = 6357FF1529E4F91600075047 /* Tela03ViewController.storyboard */; };
		6357FF1929E72D6500075047 /* Tela04ViewController.swift in Sources */ = {isa = PBXBuildFile; fileRef = 6357FF1829E72D6500075047 /* Tela04ViewController.swift */; };
		6357FF1D29E73B5D00075047 /* Tela04ViewController.storyboard in Resources */ = {isa = PBXBuildFile; fileRef = 6357FF1C29E73B5D00075047 /* Tela04ViewController.storyboard */; };
		6371898729E4959F004819BE /* AppDelegate.swift in Sources */ = {isa = PBXBuildFile; fileRef = 6371898629E4959F004819BE /* AppDelegate.swift */; };
		6371898929E4959F004819BE /* SceneDelegate.swift in Sources */ = {isa = PBXBuildFile; fileRef = 6371898829E4959F004819BE /* SceneDelegate.swift */; };
		6371898B29E4959F004819BE /* ViewController.swift in Sources */ = {isa = PBXBuildFile; fileRef = 6371898A29E4959F004819BE /* ViewController.swift */; };
		6371898E29E4959F004819BE /* Main.storyboard in Resources */ = {isa = PBXBuildFile; fileRef = 6371898C29E4959F004819BE /* Main.storyboard */; };
		6371899029E495A0004819BE /* Assets.xcassets in Resources */ = {isa = PBXBuildFile; fileRef = 6371898F29E495A0004819BE /* Assets.xcassets */; };
		6371899329E495A0004819BE /* LaunchScreen.storyboard in Resources */ = {isa = PBXBuildFile; fileRef = 6371899129E495A0004819BE /* LaunchScreen.storyboard */; };
		6371899C29E4F0D4004819BE /* Tela02ViewController.swift in Sources */ = {isa = PBXBuildFile; fileRef = 6371899B29E4F0D4004819BE /* Tela02ViewController.swift */; };
		6371899E29E4F0E2004819BE /* tela02ViewController.storyboard in Resources */ = {isa = PBXBuildFile; fileRef = 6371899D29E4F0E2004819BE /* tela02ViewController.storyboard */; };
/* End PBXBuildFile section */

/* Begin PBXFileReference section */
		6357FF1329E4F90100075047 /* Tela03ViewController.swift */ = {isa = PBXFileReference; lastKnownFileType = sourcecode.swift; path = Tela03ViewController.swift; sourceTree = "<group>"; };
		6357FF1529E4F91600075047 /* Tela03ViewController.storyboard */ = {isa = PBXFileReference; lastKnownFileType = file.storyboard; path = Tela03ViewController.storyboard; sourceTree = "<group>"; };
		6357FF1829E72D6500075047 /* Tela04ViewController.swift */ = {isa = PBXFileReference; lastKnownFileType = sourcecode.swift; path = Tela04ViewController.swift; sourceTree = "<group>"; };
		6357FF1C29E73B5D00075047 /* Tela04ViewController.storyboard */ = {isa = PBXFileReference; lastKnownFileType = file.storyboard; path = Tela04ViewController.storyboard; sourceTree = "<group>"; };
		6371898329E4959F004819BE /* navegacao.app */ = {isa = PBXFileReference; explicitFileType = wrapper.application; includeInIndex = 0; path = navegacao.app; sourceTree = BUILT_PRODUCTS_DIR; };
		6371898629E4959F004819BE /* AppDelegate.swift */ = {isa = PBXFileReference; lastKnownFileType = sourcecode.swift; path = AppDelegate.swift; sourceTree = "<group>"; };
		6371898829E4959F004819BE /* SceneDelegate.swift */ = {isa = PBXFileReference; lastKnownFileType = sourcecode.swift; path = SceneDelegate.swift; sourceTree = "<group>"; };
		6371898A29E4959F004819BE /* ViewController.swift */ = {isa = PBXFileReference; lastKnownFileType = sourcecode.swift; path = ViewController.swift; sourceTree = "<group>"; };
		6371898D29E4959F004819BE /* Base */ = {isa = PBXFileReference; lastKnownFileType = file.storyboard; name = Base; path = Base.lproj/Main.storyboard; sourceTree = "<group>"; };
		6371898F29E495A0004819BE /* Assets.xcassets */ = {isa = PBXFileReference; lastKnownFileType = folder.assetcatalog; path = Assets.xcassets; sourceTree = "<group>"; };
		6371899229E495A0004819BE /* Base */ = {isa = PBXFileReference; lastKnownFileType = file.storyboard; name = Base; path = Base.lproj/LaunchScreen.storyboard; sourceTree = "<group>"; };
		6371899429E495A0004819BE /* Info.plist */ = {isa = PBXFileReference; lastKnownFileType = text.plist.xml; path = Info.plist; sourceTree = "<group>"; };
		6371899B29E4F0D4004819BE /* Tela02ViewController.swift */ = {isa = PBXFileReference; lastKnownFileType = sourcecode.swift; path = Tela02ViewController.swift; sourceTree = "<group>"; };
		6371899D29E4F0E2004819BE /* tela02ViewController.storyboard */ = {isa = PBXFileReference; lastKnownFileType = file.storyboard; path = tela02ViewController.storyboard; sourceTree = "<group>"; };
/* End PBXFileReference section */

/* Begin PBXFrameworksBuildPhase section */
		6371898029E4959F004819BE /* Frameworks */ = {
			isa = PBXFrameworksBuildPhase;
			buildActionMask = 2147483647;
			files = (
			);
			runOnlyForDeploymentPostprocessing = 0;
		};
/* End PBXFrameworksBuildPhase section */

/* Begin PBXGroup section */
		6357FF1229E4F8DA00075047 /* Tela03 */ = {
			isa = PBXGroup;
			children = (
				6357FF1329E4F90100075047 /* Tela03ViewController.swift */,
				6357FF1529E4F91600075047 /* Tela03ViewController.storyboard */,
			);
			path = Tela03;
			sourceTree = "<group>";
		};
		6357FF1729E72D3F00075047 /* Tela04 */ = {
			isa = PBXGroup;
			children = (
				6357FF1829E72D6500075047 /* Tela04ViewController.swift */,
				6357FF1C29E73B5D00075047 /* Tela04ViewController.storyboard */,
			);
			path = Tela04;
			sourceTree = "<group>";
		};
		6371897A29E4959F004819BE = {
			isa = PBXGroup;
			children = (
				6371898529E4959F004819BE /* navegacao */,
				6371898429E4959F004819BE /* Products */,
			);
			sourceTree = "<group>";
		};
		6371898429E4959F004819BE /* Products */ = {
			isa = PBXGroup;
			children = (
				6371898329E4959F004819BE /* navegacao.app */,
			);
			name = Products;
			sourceTree = "<group>";
		};
		6371898529E4959F004819BE /* navegacao */ = {
			isa = PBXGroup;
			children = (
				6371899A29E4F0B2004819BE /* Tela02 */,
				6357FF1229E4F8DA00075047 /* Tela03 */,
				6357FF1729E72D3F00075047 /* Tela04 */,
				6371898629E4959F004819BE /* AppDelegate.swift */,
				6371898829E4959F004819BE /* SceneDelegate.swift */,
				6371898A29E4959F004819BE /* ViewController.swift */,
				6371898C29E4959F004819BE /* Main.storyboard */,
				6371898F29E495A0004819BE /* Assets.xcassets */,
				6371899129E495A0004819BE /* LaunchScreen.storyboard */,
				6371899429E495A0004819BE /* Info.plist */,
			);
			path = navegacao;
			sourceTree = "<group>";
		};
		6371899A29E4F0B2004819BE /* Tela02 */ = {
			isa = PBXGroup;
			children = (
				6371899B29E4F0D4004819BE /* Tela02ViewController.swift */,
				6371899D29E4F0E2004819BE /* tela02ViewController.storyboard */,
			);
			path = Tela02;
			sourceTree = "<group>";
		};
/* End PBXGroup section */

/* Begin PBXNativeTarget section */
		6371898229E4959F004819BE /* navegacao */ = {
			isa = PBXNativeTarget;
			buildConfigurationList = 6371899729E495A0004819BE /* Build configuration list for PBXNativeTarget "navegacao" */;
			buildPhases = (
				6371897F29E4959F004819BE /* Sources */,
				6371898029E4959F004819BE /* Frameworks */,
				6371898129E4959F004819BE /* Resources */,
			);
			buildRules = (
			);
			dependencies = (
			);
			name = navegacao;
			productName = navegacao;
			productReference = 6371898329E4959F004819BE /* navegacao.app */;
			productType = "com.apple.product-type.application";
		};
/* End PBXNativeTarget section */

/* Begin PBXProject section */
		6371897B29E4959F004819BE /* Project object */ = {
			isa = PBXProject;
			attributes = {
				BuildIndependentTargetsInParallel = 1;
				LastSwiftUpdateCheck = 1400;
				LastUpgradeCheck = 1400;
				TargetAttributes = {
					6371898229E4959F004819BE = {
						CreatedOnToolsVersion = 14.0.1;
					};
				};
			};
			buildConfigurationList = 6371897E29E4959F004819BE /* Build configuration list for PBXProject "navegacao" */;
			compatibilityVersion = "Xcode 14.0";
			developmentRegion = en;
			hasScannedForEncodings = 0;
			knownRegions = (
				en,
				Base,
			);
			mainGroup = 6371897A29E4959F004819BE;
			productRefGroup = 6371898429E4959F004819BE /* Products */;
			projectDirPath = "";
			projectRoot = "";
			targets = (
				6371898229E4959F004819BE /* navegacao */,
			);
		};
/* End PBXProject section */

/* Begin PBXResourcesBuildPhase section */
		6371898129E4959F004819BE /* Resources */ = {
			isa = PBXResourcesBuildPhase;
			buildActionMask = 2147483647;
			files = (
				6371899E29E4F0E2004819BE /* tela02ViewController.storyboard in Resources */,
				6357FF1D29E73B5D00075047 /* Tela04ViewController.storyboard in Resources */,
				6371899329E495A0004819BE /* LaunchScreen.storyboard in Resources */,
				6357FF1629E4F91600075047 /* Tela03ViewController.storyboard in Resources */,
				6371899029E495A0004819BE /* Assets.xcassets in Resources */,
				6371898E29E4959F004819BE /* Main.storyboard in Resources */,
			);
			runOnlyForDeploymentPostprocessing = 0;
		};
/* End PBXResourcesBuildPhase section */

/* Begin PBXSourcesBuildPhase section */
		6371897F29E4959F004819BE /* Sources */ = {
			isa = PBXSourcesBuildPhase;
			buildActionMask = 2147483647;
			files = (
				6371899C29E4F0D4004819BE /* Tela02ViewController.swift in Sources */,
				6371898B29E4959F004819BE /* ViewController.swift in Sources */,
				6371898729E4959F004819BE /* AppDelegate.swift in Sources */,
				6371898929E4959F004819BE /* SceneDelegate.swift in Sources */,
				6357FF1929E72D6500075047 /* Tela04ViewController.swift in Sources */,
				6357FF1429E4F90100075047 /* Tela03ViewController.swift in Sources */,
			);
			runOnlyForDeploymentPostprocessing = 0;
		};
/* End PBXSourcesBuildPhase section */

/* Begin PBXVariantGroup section */
		6371898C29E4959F004819BE /* Main.storyboard */ = {
			isa = PBXVariantGroup;
			children = (
				6371898D29E4959F004819BE /* Base */,
			);
			name = Main.storyboard;
			sourceTree = "<group>";
		};
		6371899129E495A0004819BE /* LaunchScreen.storyboard */ = {
			isa = PBXVariantGroup;
			children = (
				6371899229E495A0004819BE /* Base */,
			);
			name = LaunchScreen.storyboard;
			sourceTree = "<group>";
		};
/* End PBXVariantGroup section */

/* Begin XCBuildConfiguration section */
		6371899529E495A0004819BE /* Debug */ = {
			isa = XCBuildConfiguration;
			buildSettings = {
				ALWAYS_SEARCH_USER_PATHS = NO;
				CLANG_ANALYZER_NONNULL = YES;
				CLANG_ANALYZER_NUMBER_OBJECT_CONVERSION = YES_AGGRESSIVE;
				CLANG_CXX_LANGUAGE_STANDARD = "gnu++20";
				CLANG_ENABLE_MODULES = YES;
				CLANG_ENABLE_OBJC_ARC = YES;
				CLANG_ENABLE_OBJC_WEAK = YES;
				CLANG_WARN_BLOCK_CAPTURE_AUTORELEASING = YES;
				CLANG_WARN_BOOL_CONVERSION = YES;
				CLANG_WARN_COMMA = YES;
				CLANG_WARN_CONSTANT_CONVERSION = YES;
				CLANG_WARN_DEPRECATED_OBJC_IMPLEMENTATIONS = YES;
				CLANG_WARN_DIRECT_OBJC_ISA_USAGE = YES_ERROR;
				CLANG_WARN_DOCUMENTATION_COMMENTS = YES;
				CLANG_WARN_EMPTY_BODY = YES;
				CLANG_WARN_ENUM_CONVERSION = YES;
				CLANG_WARN_INFINITE_RECURSION = YES;
				CLANG_WARN_INT_CONVERSION = YES;
				CLANG_WARN_NON_LITERAL_NULL_CONVERSION = YES;
				CLANG_WARN_OBJC_IMPLICIT_RETAIN_SELF = YES;
				CLANG_WARN_OBJC_LITERAL_CONVERSION = YES;
				CLANG_WARN_OBJC_ROOT_CLASS = YES_ERROR;
				CLANG_WARN_QUOTED_INCLUDE_IN_FRAMEWORK_HEADER = YES;
				CLANG_WARN_RANGE_LOOP_ANALYSIS = YES;
				CLANG_WARN_STRICT_PROTOTYPES = YES;
				CLANG_WARN_SUSPICIOUS_MOVE = YES;
				CLANG_WARN_UNGUARDED_AVAILABILITY = YES_AGGRESSIVE;
				CLANG_WARN_UNREACHABLE_CODE = YES;
				CLANG_WARN__DUPLICATE_METHOD_MATCH = YES;
				COPY_PHASE_STRIP = NO;
				DEBUG_INFORMATION_FORMAT = dwarf;
				ENABLE_STRICT_OBJC_MSGSEND = YES;
				ENABLE_TESTABILITY = YES;
				GCC_C_LANGUAGE_STANDARD = gnu11;
				GCC_DYNAMIC_NO_PIC = NO;
				GCC_NO_COMMON_BLOCKS = YES;
				GCC_OPTIMIZATION_LEVEL = 0;
				GCC_PREPROCESSOR_DEFINITIONS = (
					"DEBUG=1",
					"$(inherited)",
				);
				GCC_WARN_64_TO_32_BIT_CONVERSION = YES;
				GCC_WARN_ABOUT_RETURN_TYPE = YES_ERROR;
				GCC_WARN_UNDECLARED_SELECTOR = YES;
				GCC_WARN_UNINITIALIZED_AUTOS = YES_AGGRESSIVE;
				GCC_WARN_UNUSED_FUNCTION = YES;
				GCC_WARN_UNUSED_VARIABLE = YES;
				IPHONEOS_DEPLOYMENT_TARGET = 16.0;
				MTL_ENABLE_DEBUG_INFO = INCLUDE_SOURCE;
				MTL_FAST_MATH = YES;
				ONLY_ACTIVE_ARCH = YES;
				SDKROOT = iphoneos;
				SWIFT_ACTIVE_COMPILATION_CONDITIONS = DEBUG;
				SWIFT_OPTIMIZATION_LEVEL = "-Onone";
			};
			name = Debug;
		};
		6371899629E495A0004819BE /* Release */ = {
			isa = XCBuildConfiguration;
			buildSettings = {
				ALWAYS_SEARCH_USER_PATHS = NO;
				CLANG_ANALYZER_NONNULL = YES;
				CLANG_ANALYZER_NUMBER_OBJECT_CONVERSION = YES_AGGRESSIVE;
				CLANG_CXX_LANGUAGE_STANDARD = "gnu++20";
				CLANG_ENABLE_MODULES = YES;
				CLANG_ENABLE_OBJC_ARC = YES;
				CLANG_ENABLE_OBJC_WEAK = YES;
				CLANG_WARN_BLOCK_CAPTURE_AUTORELEASING = YES;
				CLANG_WARN_BOOL_CONVERSION = YES;
				CLANG_WARN_COMMA = YES;
				CLANG_WARN_CONSTANT_CONVERSION = YES;
				CLANG_WARN_DEPRECATED_OBJC_IMPLEMENTATIONS = YES;
				CLANG_WARN_DIRECT_OBJC_ISA_USAGE = YES_ERROR;
				CLANG_WARN_DOCUMENTATION_COMMENTS = YES;
				CLANG_WARN_EMPTY_BODY = YES;
				CLANG_WARN_ENUM_CONVERSION = YES;
				CLANG_WARN_INFINITE_RECURSION = YES;
				CLANG_WARN_INT_CONVERSION = YES;
				CLANG_WARN_NON_LITERAL_NULL_CONVERSION = YES;
				CLANG_WARN_OBJC_IMPLICIT_RETAIN_SELF = YES;
				CLANG_WARN_OBJC_LITERAL_CONVERSION = YES;
				CLANG_WARN_OBJC_ROOT_CLASS = YES_ERROR;
				CLANG_WARN_QUOTED_INCLUDE_IN_FRAMEWORK_HEADER = YES;
				CLANG_WARN_RANGE_LOOP_ANALYSIS = YES;
				CLANG_WARN_STRICT_PROTOTYPES = YES;
				CLANG_WARN_SUSPICIOUS_MOVE = YES;
				CLANG_WARN_UNGUARDED_AVAILABILITY = YES_AGGRESSIVE;
				CLANG_WARN_UNREACHABLE_CODE = YES;
				CLANG_WARN__DUPLICATE_METHOD_MATCH = YES;
				COPY_PHASE_STRIP = NO;
				DEBUG_INFORMATION_FORMAT = "dwarf-with-dsym";
				ENABLE_NS_ASSERTIONS = NO;
				ENABLE_STRICT_OBJC_MSGSEND = YES;
				GCC_C_LANGUAGE_STANDARD = gnu11;
				GCC_NO_COMMON_BLOCKS = YES;
				GCC_WARN_64_TO_32_BIT_CONVERSION = YES;
				GCC_WARN_ABOUT_RETURN_TYPE = YES_ERROR;
				GCC_WARN_UNDECLARED_SELECTOR = YES;
				GCC_WARN_UNINITIALIZED_AUTOS = YES_AGGRESSIVE;
				GCC_WARN_UNUSED_FUNCTION = YES;
				GCC_WARN_UNUSED_VARIABLE = YES;
				IPHONEOS_DEPLOYMENT_TARGET = 16.0;
				MTL_ENABLE_DEBUG_INFO = NO;
				MTL_FAST_MATH = YES;
				SDKROOT = iphoneos;
				SWIFT_COMPILATION_MODE = wholemodule;
				SWIFT_OPTIMIZATION_LEVEL = "-O";
				VALIDATE_PRODUCT = YES;
			};
			name = Release;
		};
		6371899829E495A0004819BE /* Debug */ = {
			isa = XCBuildConfiguration;
			buildSettings = {
				ASSETCATALOG_COMPILER_APPICON_NAME = AppIcon;
				ASSETCATALOG_COMPILER_GLOBAL_ACCENT_COLOR_NAME = AccentColor;
				CODE_SIGN_STYLE = Automatic;
				CURRENT_PROJECT_VERSION = 1;
				DEVELOPMENT_TEAM = U6S2627ZS9;
				GENERATE_INFOPLIST_FILE = YES;
				INFOPLIST_FILE = navegacao/Info.plist;
				INFOPLIST_KEY_UIApplicationSupportsIndirectInputEvents = YES;
				INFOPLIST_KEY_UILaunchStoryboardName = LaunchScreen;
				INFOPLIST_KEY_UIMainStoryboardFile = Main;
				INFOPLIST_KEY_UISupportedInterfaceOrientations_iPad = "UIInterfaceOrientationPortrait UIInterfaceOrientationPortraitUpsideDown UIInterfaceOrientationLandscapeLeft UIInterfaceOrientationLandscapeRight";
				INFOPLIST_KEY_UISupportedInterfaceOrientations_iPhone = "UIInterfaceOrientationPortrait UIInterfaceOrientationLandscapeLeft UIInterfaceOrientationLandscapeRight";
				LD_RUNPATH_SEARCH_PATHS = (
					"$(inherited)",
					"@executable_path/Frameworks",
				);
				MARKETING_VERSION = 1.0;
				PRODUCT_BUNDLE_IDENTIFIER = com.vitorguedes.navegacao;
				PRODUCT_NAME = "$(TARGET_NAME)";
				SWIFT_EMIT_LOC_STRINGS = YES;
				SWIFT_VERSION = 5.0;
				TARGETED_DEVICE_FAMILY = "1,2";
			};
			name = Debug;
		};
		6371899929E495A0004819BE /* Release */ = {
			isa = XCBuildConfiguration;
			buildSettings = {
				ASSETCATALOG_COMPILER_APPICON_NAME = AppIcon;
				ASSETCATALOG_COMPILER_GLOBAL_ACCENT_COLOR_NAME = AccentColor;
				CODE_SIGN_STYLE = Automatic;
				CURRENT_PROJECT_VERSION = 1;
				DEVELOPMENT_TEAM = U6S2627ZS9;
				GENERATE_INFOPLIST_FILE = YES;
				INFOPLIST_FILE = navegacao/Info.plist;
				INFOPLIST_KEY_UIApplicationSupportsIndirectInputEvents = YES;
				INFOPLIST_KEY_UILaunchStoryboardName = LaunchScreen;
				INFOPLIST_KEY_UIMainStoryboardFile = Main;
				INFOPLIST_KEY_UISupportedInterfaceOrientations_iPad = "UIInterfaceOrientationPortrait UIInterfaceOrientationPortraitUpsideDown UIInterfaceOrientationLandscapeLeft UIInterfaceOrientationLandscapeRight";
				INFOPLIST_KEY_UISupportedInterfaceOrientations_iPhone = "UIInterfaceOrientationPortrait UIInterfaceOrientationLandscapeLeft UIInterfaceOrientationLandscapeRight";
				LD_RUNPATH_SEARCH_PATHS = (
					"$(inherited)",
					"@executable_path/Frameworks",
				);
				MARKETING_VERSION = 1.0;
				PRODUCT_BUNDLE_IDENTIFIER = com.vitorguedes.navegacao;
				PRODUCT_NAME = "$(TARGET_NAME)";
				SWIFT_EMIT_LOC_STRINGS = YES;
				SWIFT_VERSION = 5.0;
				TARGETED_DEVICE_FAMILY = "1,2";
			};
			name = Release;
		};
/* End XCBuildConfiguration section */

/* Begin XCConfigurationList section */
		6371897E29E4959F004819BE /* Build configuration list for PBXProject "navegacao" */ = {
			isa = XCConfigurationList;
			buildConfigurations = (
				6371899529E495A0004819BE /* Debug */,
				6371899629E495A0004819BE /* Release */,
			);
			defaultConfigurationIsVisible = 0;
			defaultConfigurationName = Release;
		};
		6371899729E495A0004819BE /* Build configuration list for PBXNativeTarget "navegacao" */ = {
			isa = XCConfigurationList;
			buildConfigurations = (
				6371899829E495A0004819BE /* Debug */,
				6371899929E495A0004819BE /* Release */,
			);
			defaultConfigurationIsVisible = 0;
			defaultConfigurationName = Release;
		};
/* End XCConfigurationList section */
	};
	rootObject = 6371897B29E4959F004819BE /* Project object */;
}
