// !$*UTF8*$!
{
	archiveVersion = 1;
	classes = {
	};
	objectVersion = 56;
	objects = {

/* Begin PBXBuildFile section */
		6357FF5629EEBE1800075047 /* AppDelegate.swift in Sources */ = {isa = PBXBuildFile; fileRef = 6357FF5529EEBE1800075047 /* AppDelegate.swift */; };
		6357FF5829EEBE1800075047 /* SceneDelegate.swift in Sources */ = {isa = PBXBuildFile; fileRef = 6357FF5729EEBE1800075047 /* SceneDelegate.swift */; };
		6357FF5A29EEBE1800075047 /* ViewController.swift in Sources */ = {isa = PBXBuildFile; fileRef = 6357FF5929EEBE1800075047 /* ViewController.swift */; };
		6357FF5D29EEBE1800075047 /* Main.storyboard in Resources */ = {isa = PBXBuildFile; fileRef = 6357FF5B29EEBE1800075047 /* Main.storyboard */; };
		6357FF5F29EEBE1A00075047 /* Assets.xcassets in Resources */ = {isa = PBXBuildFile; fileRef = 6357FF5E29EEBE1A00075047 /* Assets.xcassets */; };
		6357FF6229EEBE1A00075047 /* LaunchScreen.storyboard in Resources */ = {isa = PBXBuildFile; fileRef = 6357FF6029EEBE1A00075047 /* LaunchScreen.storyboard */; };
		6357FF6B29EEBEEC00075047 /* Tela02ViewController.swift in Sources */ = {isa = PBXBuildFile; fileRef = 6357FF6A29EEBEEC00075047 /* Tela02ViewController.swift */; };
		6357FF6D29EEBEFB00075047 /* Tela02ViewController.storyboard in Resources */ = {isa = PBXBuildFile; fileRef = 6357FF6C29EEBEFB00075047 /* Tela02ViewController.storyboard */; };
/* End PBXBuildFile section */

/* Begin PBXFileReference section */
		6357FF5229EEBE1800075047 /* DesafioNavigationLifeCycle.app */ = {isa = PBXFileReference; explicitFileType = wrapper.application; includeInIndex = 0; path = DesafioNavigationLifeCycle.app; sourceTree = BUILT_PRODUCTS_DIR; };
		6357FF5529EEBE1800075047 /* AppDelegate.swift */ = {isa = PBXFileReference; lastKnownFileType = sourcecode.swift; path = AppDelegate.swift; sourceTree = "<group>"; };
		6357FF5729EEBE1800075047 /* SceneDelegate.swift */ = {isa = PBXFileReference; lastKnownFileType = sourcecode.swift; path = SceneDelegate.swift; sourceTree = "<group>"; };
		6357FF5929EEBE1800075047 /* ViewController.swift */ = {isa = PBXFileReference; lastKnownFileType = sourcecode.swift; path = ViewController.swift; sourceTree = "<group>"; };
		6357FF5C29EEBE1800075047 /* Base */ = {isa = PBXFileReference; lastKnownFileType = file.storyboard; name = Base; path = Base.lproj/Main.storyboard; sourceTree = "<group>"; };
		6357FF5E29EEBE1A00075047 /* Assets.xcassets */ = {isa = PBXFileReference; lastKnownFileType = folder.assetcatalog; path = Assets.xcassets; sourceTree = "<group>"; };
		6357FF6129EEBE1A00075047 /* Base */ = {isa = PBXFileReference; lastKnownFileType = file.storyboard; name = Base; path = Base.lproj/LaunchScreen.storyboard; sourceTree = "<group>"; };
		6357FF6329EEBE1A00075047 /* Info.plist */ = {isa = PBXFileReference; lastKnownFileType = text.plist.xml; path = Info.plist; sourceTree = "<group>"; };
		6357FF6A29EEBEEC00075047 /* Tela02ViewController.swift */ = {isa = PBXFileReference; lastKnownFileType = sourcecode.swift; path = Tela02ViewController.swift; sourceTree = "<group>"; };
		6357FF6C29EEBEFB00075047 /* Tela02ViewController.storyboard */ = {isa = PBXFileReference; lastKnownFileType = file.storyboard; path = Tela02ViewController.storyboard; sourceTree = "<group>"; };
/* End PBXFileReference section */

/* Begin PBXFrameworksBuildPhase section */
		6357FF4F29EEBE1800075047 /* Frameworks */ = {
			isa = PBXFrameworksBuildPhase;
			buildActionMask = 2147483647;
			files = (
			);
			runOnlyForDeploymentPostprocessing = 0;
		};
/* End PBXFrameworksBuildPhase section */

/* Begin PBXGroup section */
		6357FF4929EEBE1800075047 = {
			isa = PBXGroup;
			children = (
				6357FF5429EEBE1800075047 /* DesafioNavigationLifeCycle */,
				6357FF5329EEBE1800075047 /* Products */,
			);
			sourceTree = "<group>";
		};
		6357FF5329EEBE1800075047 /* Products */ = {
			isa = PBXGroup;
			children = (
				6357FF5229EEBE1800075047 /* DesafioNavigationLifeCycle.app */,
			);
			name = Products;
			sourceTree = "<group>";
		};
		6357FF5429EEBE1800075047 /* DesafioNavigationLifeCycle */ = {
			isa = PBXGroup;
			children = (
				6357FF6929EEBED700075047 /* Tela02 */,
				6357FF5529EEBE1800075047 /* AppDelegate.swift */,
				6357FF5729EEBE1800075047 /* SceneDelegate.swift */,
				6357FF5929EEBE1800075047 /* ViewController.swift */,
				6357FF5B29EEBE1800075047 /* Main.storyboard */,
				6357FF5E29EEBE1A00075047 /* Assets.xcassets */,
				6357FF6029EEBE1A00075047 /* LaunchScreen.storyboard */,
				6357FF6329EEBE1A00075047 /* Info.plist */,
			);
			path = DesafioNavigationLifeCycle;
			sourceTree = "<group>";
		};
		6357FF6929EEBED700075047 /* Tela02 */ = {
			isa = PBXGroup;
			children = (
				6357FF6A29EEBEEC00075047 /* Tela02ViewController.swift */,
				6357FF6C29EEBEFB00075047 /* Tela02ViewController.storyboard */,
			);
			path = Tela02;
			sourceTree = "<group>";
		};
/* End PBXGroup section */

/* Begin PBXNativeTarget section */
		6357FF5129EEBE1800075047 /* DesafioNavigationLifeCycle */ = {
			isa = PBXNativeTarget;
			buildConfigurationList = 6357FF6629EEBE1A00075047 /* Build configuration list for PBXNativeTarget "DesafioNavigationLifeCycle" */;
			buildPhases = (
				6357FF4E29EEBE1800075047 /* Sources */,
				6357FF4F29EEBE1800075047 /* Frameworks */,
				6357FF5029EEBE1800075047 /* Resources */,
			);
			buildRules = (
			);
			dependencies = (
			);
			name = DesafioNavigationLifeCycle;
			productName = DesafioNavigationLifeCycle;
			productReference = 6357FF5229EEBE1800075047 /* DesafioNavigationLifeCycle.app */;
			productType = "com.apple.product-type.application";
		};
/* End PBXNativeTarget section */

/* Begin PBXProject section */
		6357FF4A29EEBE1800075047 /* Project object */ = {
			isa = PBXProject;
			attributes = {
				BuildIndependentTargetsInParallel = 1;
				LastSwiftUpdateCheck = 1400;
				LastUpgradeCheck = 1400;
				TargetAttributes = {
					6357FF5129EEBE1800075047 = {
						CreatedOnToolsVersion = 14.0.1;
					};
				};
			};
			buildConfigurationList = 6357FF4D29EEBE1800075047 /* Build configuration list for PBXProject "DesafioNavigationLifeCycle" */;
			compatibilityVersion = "Xcode 14.0";
			developmentRegion = en;
			hasScannedForEncodings = 0;
			knownRegions = (
				en,
				Base,
			);
			mainGroup = 6357FF4929EEBE1800075047;
			productRefGroup = 6357FF5329EEBE1800075047 /* Products */;
			projectDirPath = "";
			projectRoot = "";
			targets = (
				6357FF5129EEBE1800075047 /* DesafioNavigationLifeCycle */,
			);
		};
/* End PBXProject section */

/* Begin PBXResourcesBuildPhase section */
		6357FF5029EEBE1800075047 /* Resources */ = {
			isa = PBXResourcesBuildPhase;
			buildActionMask = 2147483647;
			files = (
				6357FF6229EEBE1A00075047 /* LaunchScreen.storyboard in Resources */,
				6357FF6D29EEBEFB00075047 /* Tela02ViewController.storyboard in Resources */,
				6357FF5F29EEBE1A00075047 /* Assets.xcassets in Resources */,
				6357FF5D29EEBE1800075047 /* Main.storyboard in Resources */,
			);
			runOnlyForDeploymentPostprocessing = 0;
		};
/* End PBXResourcesBuildPhase section */

/* Begin PBXSourcesBuildPhase section */
		6357FF4E29EEBE1800075047 /* Sources */ = {
			isa = PBXSourcesBuildPhase;
			buildActionMask = 2147483647;
			files = (
				6357FF6B29EEBEEC00075047 /* Tela02ViewController.swift in Sources */,
				6357FF5A29EEBE1800075047 /* ViewController.swift in Sources */,
				6357FF5629EEBE1800075047 /* AppDelegate.swift in Sources */,
				6357FF5829EEBE1800075047 /* SceneDelegate.swift in Sources */,
			);
			runOnlyForDeploymentPostprocessing = 0;
		};
/* End PBXSourcesBuildPhase section */

/* Begin PBXVariantGroup section */
		6357FF5B29EEBE1800075047 /* Main.storyboard */ = {
			isa = PBXVariantGroup;
			children = (
				6357FF5C29EEBE1800075047 /* Base */,
			);
			name = Main.storyboard;
			sourceTree = "<group>";
		};
		6357FF6029EEBE1A00075047 /* LaunchScreen.storyboard */ = {
			isa = PBXVariantGroup;
			children = (
				6357FF6129EEBE1A00075047 /* Base */,
			);
			name = LaunchScreen.storyboard;
			sourceTree = "<group>";
		};
/* End PBXVariantGroup section */

/* Begin XCBuildConfiguration section */
		6357FF6429EEBE1A00075047 /* Debug */ = {
			isa = XCBuildConfiguration;
			buildSettings = {
				ALWAYS_SEARCH_USER_PATHS = NO;
				CLANG_ANALYZER_NONNULL = YES;
				CLANG_ANALYZER_NUMBER_OBJECT_CONVERSION = YES_AGGRESSIVE;
				CLANG_CXX_LANGUAGE_STANDARD = "gnu++20";
				CLANG_ENABLE_MODULES = YES;
				CLANG_ENABLE_OBJC_ARC = YES;
				CLANG_ENABLE_OBJC_WEAK = YES;
				CLANG_WARN_BLOCK_CAPTURE_AUTORELEASING = YES;
				CLANG_WARN_BOOL_CONVERSION = YES;
				CLANG_WARN_COMMA = YES;
				CLANG_WARN_CONSTANT_CONVERSION = YES;
				CLANG_WARN_DEPRECATED_OBJC_IMPLEMENTATIONS = YES;
				CLANG_WARN_DIRECT_OBJC_ISA_USAGE = YES_ERROR;
				CLANG_WARN_DOCUMENTATION_COMMENTS = YES;
				CLANG_WARN_EMPTY_BODY = YES;
				CLANG_WARN_ENUM_CONVERSION = YES;
				CLANG_WARN_INFINITE_RECURSION = YES;
				CLANG_WARN_INT_CONVERSION = YES;
				CLANG_WARN_NON_LITERAL_NULL_CONVERSION = YES;
				CLANG_WARN_OBJC_IMPLICIT_RETAIN_SELF = YES;
				CLANG_WARN_OBJC_LITERAL_CONVERSION = YES;
				CLANG_WARN_OBJC_ROOT_CLASS = YES_ERROR;
				CLANG_WARN_QUOTED_INCLUDE_IN_FRAMEWORK_HEADER = YES;
				CLANG_WARN_RANGE_LOOP_ANALYSIS = YES;
				CLANG_WARN_STRICT_PROTOTYPES = YES;
				CLANG_WARN_SUSPICIOUS_MOVE = YES;
				CLANG_WARN_UNGUARDED_AVAILABILITY = YES_AGGRESSIVE;
				CLANG_WARN_UNREACHABLE_CODE = YES;
				CLANG_WARN__DUPLICATE_METHOD_MATCH = YES;
				COPY_PHASE_STRIP = NO;
				DEBUG_INFORMATION_FORMAT = dwarf;
				ENABLE_STRICT_OBJC_MSGSEND = YES;
				ENABLE_TESTABILITY = YES;
				GCC_C_LANGUAGE_STANDARD = gnu11;
				GCC_DYNAMIC_NO_PIC = NO;
				GCC_NO_COMMON_BLOCKS = YES;
				GCC_OPTIMIZATION_LEVEL = 0;
				GCC_PREPROCESSOR_DEFINITIONS = (
					"DEBUG=1",
					"$(inherited)",
				);
				GCC_WARN_64_TO_32_BIT_CONVERSION = YES;
				GCC_WARN_ABOUT_RETURN_TYPE = YES_ERROR;
				GCC_WARN_UNDECLARED_SELECTOR = YES;
				GCC_WARN_UNINITIALIZED_AUTOS = YES_AGGRESSIVE;
				GCC_WARN_UNUSED_FUNCTION = YES;
				GCC_WARN_UNUSED_VARIABLE = YES;
				IPHONEOS_DEPLOYMENT_TARGET = 16.0;
				MTL_ENABLE_DEBUG_INFO = INCLUDE_SOURCE;
				MTL_FAST_MATH = YES;
				ONLY_ACTIVE_ARCH = YES;
				SDKROOT = iphoneos;
				SWIFT_ACTIVE_COMPILATION_CONDITIONS = DEBUG;
				SWIFT_OPTIMIZATION_LEVEL = "-Onone";
			};
			name = Debug;
		};
		6357FF6529EEBE1A00075047 /* Release */ = {
			isa = XCBuildConfiguration;
			buildSettings = {
				ALWAYS_SEARCH_USER_PATHS = NO;
				CLANG_ANALYZER_NONNULL = YES;
				CLANG_ANALYZER_NUMBER_OBJECT_CONVERSION = YES_AGGRESSIVE;
				CLANG_CXX_LANGUAGE_STANDARD = "gnu++20";
				CLANG_ENABLE_MODULES = YES;
				CLANG_ENABLE_OBJC_ARC = YES;
				CLANG_ENABLE_OBJC_WEAK = YES;
				CLANG_WARN_BLOCK_CAPTURE_AUTORELEASING = YES;
				CLANG_WARN_BOOL_CONVERSION = YES;
				CLANG_WARN_COMMA = YES;
				CLANG_WARN_CONSTANT_CONVERSION = YES;
				CLANG_WARN_DEPRECATED_OBJC_IMPLEMENTATIONS = YES;
				CLANG_WARN_DIRECT_OBJC_ISA_USAGE = YES_ERROR;
				CLANG_WARN_DOCUMENTATION_COMMENTS = YES;
				CLANG_WARN_EMPTY_BODY = YES;
				CLANG_WARN_ENUM_CONVERSION = YES;
				CLANG_WARN_INFINITE_RECURSION = YES;
				CLANG_WARN_INT_CONVERSION = YES;
				CLANG_WARN_NON_LITERAL_NULL_CONVERSION = YES;
				CLANG_WARN_OBJC_IMPLICIT_RETAIN_SELF = YES;
				CLANG_WARN_OBJC_LITERAL_CONVERSION = YES;
				CLANG_WARN_OBJC_ROOT_CLASS = YES_ERROR;
				CLANG_WARN_QUOTED_INCLUDE_IN_FRAMEWORK_HEADER = YES;
				CLANG_WARN_RANGE_LOOP_ANALYSIS = YES;
				CLANG_WARN_STRICT_PROTOTYPES = YES;
				CLANG_WARN_SUSPICIOUS_MOVE = YES;
				CLANG_WARN_UNGUARDED_AVAILABILITY = YES_AGGRESSIVE;
				CLANG_WARN_UNREACHABLE_CODE = YES;
				CLANG_WARN__DUPLICATE_METHOD_MATCH = YES;
				COPY_PHASE_STRIP = NO;
				DEBUG_INFORMATION_FORMAT = "dwarf-with-dsym";
				ENABLE_NS_ASSERTIONS = NO;
				ENABLE_STRICT_OBJC_MSGSEND = YES;
				GCC_C_LANGUAGE_STANDARD = gnu11;
				GCC_NO_COMMON_BLOCKS = YES;
				GCC_WARN_64_TO_32_BIT_CONVERSION = YES;
				GCC_WARN_ABOUT_RETURN_TYPE = YES_ERROR;
				GCC_WARN_UNDECLARED_SELECTOR = YES;
				GCC_WARN_UNINITIALIZED_AUTOS = YES_AGGRESSIVE;
				GCC_WARN_UNUSED_FUNCTION = YES;
				GCC_WARN_UNUSED_VARIABLE = YES;
				IPHONEOS_DEPLOYMENT_TARGET = 16.0;
				MTL_ENABLE_DEBUG_INFO = NO;
				MTL_FAST_MATH = YES;
				SDKROOT = iphoneos;
				SWIFT_COMPILATION_MODE = wholemodule;
				SWIFT_OPTIMIZATION_LEVEL = "-O";
				VALIDATE_PRODUCT = YES;
			};
			name = Release;
		};
		6357FF6729EEBE1A00075047 /* Debug */ = {
			isa = XCBuildConfiguration;
			buildSettings = {
				ASSETCATALOG_COMPILER_APPICON_NAME = AppIcon;
				ASSETCATALOG_COMPILER_GLOBAL_ACCENT_COLOR_NAME = AccentColor;
				CODE_SIGN_STYLE = Automatic;
				CURRENT_PROJECT_VERSION = 1;
				DEVELOPMENT_TEAM = U6S2627ZS9;
				GENERATE_INFOPLIST_FILE = YES;
				INFOPLIST_FILE = DesafioNavigationLifeCycle/Info.plist;
				INFOPLIST_KEY_UIApplicationSupportsIndirectInputEvents = YES;
				INFOPLIST_KEY_UILaunchStoryboardName = LaunchScreen;
				INFOPLIST_KEY_UIMainStoryboardFile = Main;
				INFOPLIST_KEY_UISupportedInterfaceOrientations_iPad = "UIInterfaceOrientationPortrait UIInterfaceOrientationPortraitUpsideDown UIInterfaceOrientationLandscapeLeft UIInterfaceOrientationLandscapeRight";
				INFOPLIST_KEY_UISupportedInterfaceOrientations_iPhone = "UIInterfaceOrientationPortrait UIInterfaceOrientationLandscapeLeft UIInterfaceOrientationLandscapeRight";
				LD_RUNPATH_SEARCH_PATHS = (
					"$(inherited)",
					"@executable_path/Frameworks",
				);
				MARKETING_VERSION = 1.0;
				PRODUCT_BUNDLE_IDENTIFIER = com.vitorguedes.DesafioNavigationLifeCycle;
				PRODUCT_NAME = "$(TARGET_NAME)";
				SWIFT_EMIT_LOC_STRINGS = YES;
				SWIFT_VERSION = 5.0;
				TARGETED_DEVICE_FAMILY = "1,2";
			};
			name = Debug;
		};
		6357FF6829EEBE1A00075047 /* Release */ = {
			isa = XCBuildConfiguration;
			buildSettings = {
				ASSETCATALOG_COMPILER_APPICON_NAME = AppIcon;
				ASSETCATALOG_COMPILER_GLOBAL_ACCENT_COLOR_NAME = AccentColor;
				CODE_SIGN_STYLE = Automatic;
				CURRENT_PROJECT_VERSION = 1;
				DEVELOPMENT_TEAM = U6S2627ZS9;
				GENERATE_INFOPLIST_FILE = YES;
				INFOPLIST_FILE = DesafioNavigationLifeCycle/Info.plist;
				INFOPLIST_KEY_UIApplicationSupportsIndirectInputEvents = YES;
				INFOPLIST_KEY_UILaunchStoryboardName = LaunchScreen;
				INFOPLIST_KEY_UIMainStoryboardFile = Main;
				INFOPLIST_KEY_UISupportedInterfaceOrientations_iPad = "UIInterfaceOrientationPortrait UIInterfaceOrientationPortraitUpsideDown UIInterfaceOrientationLandscapeLeft UIInterfaceOrientationLandscapeRight";
				INFOPLIST_KEY_UISupportedInterfaceOrientations_iPhone = "UIInterfaceOrientationPortrait UIInterfaceOrientationLandscapeLeft UIInterfaceOrientationLandscapeRight";
				LD_RUNPATH_SEARCH_PATHS = (
					"$(inherited)",
					"@executable_path/Frameworks",
				);
				MARKETING_VERSION = 1.0;
				PRODUCT_BUNDLE_IDENTIFIER = com.vitorguedes.DesafioNavigationLifeCycle;
				PRODUCT_NAME = "$(TARGET_NAME)";
				SWIFT_EMIT_LOC_STRINGS = YES;
				SWIFT_VERSION = 5.0;
				TARGETED_DEVICE_FAMILY = "1,2";
			};
			name = Release;
		};
/* End XCBuildConfiguration section */

/* Begin XCConfigurationList section */
		6357FF4D29EEBE1800075047 /* Build configuration list for PBXProject "DesafioNavigationLifeCycle" */ = {
			isa = XCConfigurationList;
			buildConfigurations = (
				6357FF6429EEBE1A00075047 /* Debug */,
				6357FF6529EEBE1A00075047 /* Release */,
			);
			defaultConfigurationIsVisible = 0;
			defaultConfigurationName = Release;
		};
		6357FF6629EEBE1A00075047 /* Build configuration list for PBXNativeTarget "DesafioNavigationLifeCycle" */ = {
			isa = XCConfigurationList;
			buildConfigurations = (
				6357FF6729EEBE1A00075047 /* Debug */,
				6357FF6829EEBE1A00075047 /* Release */,
			);
			defaultConfigurationIsVisible = 0;
			defaultConfigurationName = Release;
		};
/* End XCConfigurationList section */
	};
	rootObject = 6357FF4A29EEBE1800075047 /* Project object */;
}
